
Microsoft Visual Studio Solution File, Format Version 12.00
# Visual Studio Version 17
VisualStudioVersion = 17.9.34607.119
MinimumVisualStudioVersion = 10.0.40219.1
Project("{FAE04EC0-301F-11D3-BF4B-00C04F79EFBC}") = "desafios1_WF", "desafios1_WF\desafios1_WF.csproj", "{661226D4-D89F-4B8D-8602-EFB04D437877}"
EndProject
Global
	GlobalSection(SolutionConfigurationPlatforms) = preSolution
		Debug|Any CPU = Debug|Any CPU
		Release|Any CPU = Release|Any CPU
	EndGlobalSection
	GlobalSection(ProjectConfigurationPlatforms) = postSolution
		{661226D4-D89F-4B8D-8602-EFB04D437877}.Debug|Any CPU.ActiveCfg = Debug|Any CPU
		{661226D4-D89F-4B8D-8602-EFB04D437877}.Debug|Any CPU.Build.0 = Debug|Any CPU
		{661226D4-D89F-4B8D-8602-EFB04D437877}.Release|Any CPU.ActiveCfg = Release|Any CPU
		{661226D4-D89F-4B8D-8602-EFB04D437877}.Release|Any CPU.Build.0 = Release|Any CPU
	EndGlobalSection
	GlobalSection(SolutionProperties) = preSolution
		HideSolutionNode = FALSE
	EndGlobalSection
	GlobalSection(ExtensibilityGlobals) = postSolution
		SolutionGuid = {4254ACBF-5DF8-4FB0-9519-ECA626536E48}
	EndGlobalSection
EndGlobal
